
Microsoft Visual Studio Solution File, Format Version 12.00
# Visual Studio Version 16
VisualStudioVersion = 16.0.30413.136
MinimumVisualStudioVersion = 10.0.40219.1
Project("{FAE04EC0-301F-11D3-BF4B-00C04F79EFBC}") = "DiscDatter", "DiscDatter\DiscDatter.csproj", "{D1962E24-E5F9-46F4-BDA0-B2BBBF2966D1}"
EndProject
Global
	GlobalSection(SolutionConfigurationPlatforms) = preSolution
		Debug|Any CPU = Debug|Any CPU
		Release|Any CPU = Release|Any CPU
	EndGlobalSection
	GlobalSection(ProjectConfigurationPlatforms) = postSolution
		{D1962E24-E5F9-46F4-BDA0-B2BBBF2966D1}.Debug|Any CPU.ActiveCfg = Debug|Any CPU
		{D1962E24-E5F9-46F4-BDA0-B2BBBF2966D1}.Debug|Any CPU.Build.0 = Debug|Any CPU
		{D1962E24-E5F9-46F4-BDA0-B2BBBF2966D1}.Release|Any CPU.ActiveCfg = Release|Any CPU
		{D1962E24-E5F9-46F4-BDA0-B2BBBF2966D1}.Release|Any CPU.Build.0 = Release|Any CPU
	EndGlobalSection
	GlobalSection(SolutionProperties) = preSolution
		HideSolutionNode = FALSE
	EndGlobalSection
	GlobalSection(ExtensibilityGlobals) = postSolution
		SolutionGuid = {F7FA1D1A-F985-4BF0-A83C-12BFFF152934}
	EndGlobalSection
EndGlobal
